
Microsoft Visual Studio Solution File, Format Version 12.00
# Visual Studio Version 17
VisualStudioVersion = 17.11.35312.102
MinimumVisualStudioVersion = 10.0.40219.1
Project("{9A19103F-16F7-4668-BE54-9A1E7A4F7556}") = "Quiz", "Quiz.csproj", "{DD7C9853-01F8-4915-8A0C-4E9AB6757187}"
EndProject
Global
	GlobalSection(SolutionConfigurationPlatforms) = preSolution
		Debug|Any CPU = Debug|Any CPU
		Release|Any CPU = Release|Any CPU
	EndGlobalSection
	GlobalSection(ProjectConfigurationPlatforms) = postSolution
		{DD7C9853-01F8-4915-8A0C-4E9AB6757187}.Debug|Any CPU.ActiveCfg = Debug|Any CPU
		{DD7C9853-01F8-4915-8A0C-4E9AB6757187}.Debug|Any CPU.Build.0 = Debug|Any CPU
		{DD7C9853-01F8-4915-8A0C-4E9AB6757187}.Release|Any CPU.ActiveCfg = Release|Any CPU
		{DD7C9853-01F8-4915-8A0C-4E9AB6757187}.Release|Any CPU.Build.0 = Release|Any CPU
	EndGlobalSection
	GlobalSection(SolutionProperties) = preSolution
		HideSolutionNode = FALSE
	EndGlobalSection
	GlobalSection(ExtensibilityGlobals) = postSolution
		SolutionGuid = {54CA8C21-F607-4ADF-80D6-1AE3F50DFFB5}
	EndGlobalSection
EndGlobal
